
Microsoft Visual Studio Solution File, Format Version 12.00
# Visual Studio Version 17
VisualStudioVersion = 17.0.31903.59
MinimumVisualStudioVersion = 10.0.40219.1
Project("{2150E333-8FDC-42A3-9474-1A3956D46DE8}") = "BroadcastEngine", "BroadcastEngine", "{629171F7-E4F5-9E85-A8AB-AF270CD6687B}"
EndProject
Project("{FAE04EC0-301F-11D3-BF4B-00C04F79EFBC}") = "PlayoutEngine", "BroadcastEngine\PlayoutEngine.csproj", "{7D9F3862-EE2E-4D21-9D25-D376B6595AAE}"
EndProject
Project("{FAE04EC0-301F-11D3-BF4B-00C04F79EFBC}") = "Engine.Contracts", "Engine.Contracts\Engine.Contracts.csproj", "{48A6B026-D118-4429-889D-C78936648CD1}"
EndProject
Project("{FAE04EC0-301F-11D3-BF4B-00C04F79EFBC}") = "Engine.Licensing", "Engine.Licensing\Engine.Licensing.csproj", "{13571073-8BD0-415C-990B-1FE82F189AF4}"
EndProject
Project("{FAE04EC0-301F-11D3-BF4B-00C04F79EFBC}") = "Engine.Models", "Engine.Models\Engine.Models.csproj", "{C4785E1A-D939-4B4F-8D7A-8B43DFBB332B}"
EndProject
Project("{FAE04EC0-301F-11D3-BF4B-00C04F79EFBC}") = "Engine.OBS", "Engine.OBS\Engine.OBS.csproj", "{A1398FC9-1841-4BAF-A862-C043638D89A5}"
EndProject
Project("{FAE04EC0-301F-11D3-BF4B-00C04F79EFBC}") = "Engine.Services", "Engine.Services\Engine.Services.csproj", "{7FB142AD-673F-4D0A-9572-B3DBA6FFA330}"
EndProject
Global
	GlobalSection(SolutionConfigurationPlatforms) = preSolution
		Debug|Any CPU = Debug|Any CPU
		Debug|x64 = Debug|x64
		Debug|x86 = Debug|x86
		Release|Any CPU = Release|Any CPU
		Release|x64 = Release|x64
		Release|x86 = Release|x86
	EndGlobalSection
	GlobalSection(ProjectConfigurationPlatforms) = postSolution
		{7D9F3862-EE2E-4D21-9D25-D376B6595AAE}.Debug|Any CPU.ActiveCfg = Debug|Any CPU
		{7D9F3862-EE2E-4D21-9D25-D376B6595AAE}.Debug|Any CPU.Build.0 = Debug|Any CPU
		{7D9F3862-EE2E-4D21-9D25-D376B6595AAE}.Debug|x64.ActiveCfg = Debug|Any CPU
		{7D9F3862-EE2E-4D21-9D25-D376B6595AAE}.Debug|x64.Build.0 = Debug|Any CPU
		{7D9F3862-EE2E-4D21-9D25-D376B6595AAE}.Debug|x86.ActiveCfg = Debug|Any CPU
		{7D9F3862-EE2E-4D21-9D25-D376B6595AAE}.Debug|x86.Build.0 = Debug|Any CPU
		{7D9F3862-EE2E-4D21-9D25-D376B6595AAE}.Release|Any CPU.ActiveCfg = Release|Any CPU
		{7D9F3862-EE2E-4D21-9D25-D376B6595AAE}.Release|Any CPU.Build.0 = Release|Any CPU
		{7D9F3862-EE2E-4D21-9D25-D376B6595AAE}.Release|x64.ActiveCfg = Release|Any CPU
		{7D9F3862-EE2E-4D21-9D25-D376B6595AAE}.Release|x64.Build.0 = Release|Any CPU
		{7D9F3862-EE2E-4D21-9D25-D376B6595AAE}.Release|x86.ActiveCfg = Release|Any CPU
		{7D9F3862-EE2E-4D21-9D25-D376B6595AAE}.Release|x86.Build.0 = Release|Any CPU
		{48A6B026-D118-4429-889D-C78936648CD1}.Debug|Any CPU.ActiveCfg = Debug|Any CPU
		{48A6B026-D118-4429-889D-C78936648CD1}.Debug|Any CPU.Build.0 = Debug|Any CPU
		{48A6B026-D118-4429-889D-C78936648CD1}.Debug|x64.ActiveCfg = Debug|Any CPU
		{48A6B026-D118-4429-889D-C78936648CD1}.Debug|x64.Build.0 = Debug|Any CPU
		{48A6B026-D118-4429-889D-C78936648CD1}.Debug|x86.ActiveCfg = Debug|Any CPU
		{48A6B026-D118-4429-889D-C78936648CD1}.Debug|x86.Build.0 = Debug|Any CPU
		{48A6B026-D118-4429-889D-C78936648CD1}.Release|Any CPU.ActiveCfg = Release|Any CPU
		{48A6B026-D118-4429-889D-C78936648CD1}.Release|Any CPU.Build.0 = Release|Any CPU
		{48A6B026-D118-4429-889D-C78936648CD1}.Release|x64.ActiveCfg = Release|Any CPU
		{48A6B026-D118-4429-889D-C78936648CD1}.Release|x64.Build.0 = Release|Any CPU
		{48A6B026-D118-4429-889D-C78936648CD1}.Release|x86.ActiveCfg = Release|Any CPU
		{48A6B026-D118-4429-889D-C78936648CD1}.Release|x86.Build.0 = Release|Any CPU
		{13571073-8BD0-415C-990B-1FE82F189AF4}.Debug|Any CPU.ActiveCfg = Debug|Any CPU
		{13571073-8BD0-415C-990B-1FE82F189AF4}.Debug|Any CPU.Build.0 = Debug|Any CPU
		{13571073-8BD0-415C-990B-1FE82F189AF4}.Debug|x64.ActiveCfg = Debug|Any CPU
		{13571073-8BD0-415C-990B-1FE82F189AF4}.Debug|x64.Build.0 = Debug|Any CPU
		{13571073-8BD0-415C-990B-1FE82F189AF4}.Debug|x86.ActiveCfg = Debug|Any CPU
		{13571073-8BD0-415C-990B-1FE82F189AF4}.Debug|x86.Build.0 = Debug|Any CPU
		{13571073-8BD0-415C-990B-1FE82F189AF4}.Release|Any CPU.ActiveCfg = Release|Any CPU
		{13571073-8BD0-415C-990B-1FE82F189AF4}.Release|Any CPU.Build.0 = Release|Any CPU
		{13571073-8BD0-415C-990B-1FE82F189AF4}.Release|x64.ActiveCfg = Release|Any CPU
		{13571073-8BD0-415C-990B-1FE82F189AF4}.Release|x64.Build.0 = Release|Any CPU
		{13571073-8BD0-415C-990B-1FE82F189AF4}.Release|x86.ActiveCfg = Release|Any CPU
		{13571073-8BD0-415C-990B-1FE82F189AF4}.Release|x86.Build.0 = Release|Any CPU
		{C4785E1A-D939-4B4F-8D7A-8B43DFBB332B}.Debug|Any CPU.ActiveCfg = Debug|Any CPU
		{C4785E1A-D939-4B4F-8D7A-8B43DFBB332B}.Debug|Any CPU.Build.0 = Debug|Any CPU
		{C4785E1A-D939-4B4F-8D7A-8B43DFBB332B}.Debug|x64.ActiveCfg = Debug|Any CPU
		{C4785E1A-D939-4B4F-8D7A-8B43DFBB332B}.Debug|x64.Build.0 = Debug|Any CPU
		{C4785E1A-D939-4B4F-8D7A-8B43DFBB332B}.Debug|x86.ActiveCfg = Debug|Any CPU
		{C4785E1A-D939-4B4F-8D7A-8B43DFBB332B}.Debug|x86.Build.0 = Debug|Any CPU
		{C4785E1A-D939-4B4F-8D7A-8B43DFBB332B}.Release|Any CPU.ActiveCfg = Release|Any CPU
		{C4785E1A-D939-4B4F-8D7A-8B43DFBB332B}.Release|Any CPU.Build.0 = Release|Any CPU
		{C4785E1A-D939-4B4F-8D7A-8B43DFBB332B}.Release|x64.ActiveCfg = Release|Any CPU
		{C4785E1A-D939-4B4F-8D7A-8B43DFBB332B}.Release|x64.Build.0 = Release|Any CPU
		{C4785E1A-D939-4B4F-8D7A-8B43DFBB332B}.Release|x86.ActiveCfg = Release|Any CPU
		{C4785E1A-D939-4B4F-8D7A-8B43DFBB332B}.Release|x86.Build.0 = Release|Any CPU
		{A1398FC9-1841-4BAF-A862-C043638D89A5}.Debug|Any CPU.ActiveCfg = Debug|Any CPU
		{A1398FC9-1841-4BAF-A862-C043638D89A5}.Debug|Any CPU.Build.0 = Debug|Any CPU
		{A1398FC9-1841-4BAF-A862-C043638D89A5}.Debug|x64.ActiveCfg = Debug|Any CPU
		{A1398FC9-1841-4BAF-A862-C043638D89A5}.Debug|x64.Build.0 = Debug|Any CPU
		{A1398FC9-1841-4BAF-A862-C043638D89A5}.Debug|x86.ActiveCfg = Debug|Any CPU
		{A1398FC9-1841-4BAF-A862-C043638D89A5}.Debug|x86.Build.0 = Debug|Any CPU
		{A1398FC9-1841-4BAF-A862-C043638D89A5}.Release|Any CPU.ActiveCfg = Release|Any CPU
		{A1398FC9-1841-4BAF-A862-C043638D89A5}.Release|Any CPU.Build.0 = Release|Any CPU
		{A1398FC9-1841-4BAF-A862-C043638D89A5}.Release|x64.ActiveCfg = Release|Any CPU
		{A1398FC9-1841-4BAF-A862-C043638D89A5}.Release|x64.Build.0 = Release|Any CPU
		{A1398FC9-1841-4BAF-A862-C043638D89A5}.Release|x86.ActiveCfg = Release|Any CPU
		{A1398FC9-1841-4BAF-A862-C043638D89A5}.Release|x86.Build.0 = Release|Any CPU
		{7FB142AD-673F-4D0A-9572-B3DBA6FFA330}.Debug|Any CPU.ActiveCfg = Debug|Any CPU
		{7FB142AD-673F-4D0A-9572-B3DBA6FFA330}.Debug|Any CPU.Build.0 = Debug|Any CPU
		{7FB142AD-673F-4D0A-9572-B3DBA6FFA330}.Debug|x64.ActiveCfg = Debug|Any CPU
		{7FB142AD-673F-4D0A-9572-B3DBA6FFA330}.Debug|x64.Build.0 = Debug|Any CPU
		{7FB142AD-673F-4D0A-9572-B3DBA6FFA330}.Debug|x86.ActiveCfg = Debug|Any CPU
		{7FB142AD-673F-4D0A-9572-B3DBA6FFA330}.Debug|x86.Build.0 = Debug|Any CPU
		{7FB142AD-673F-4D0A-9572-B3DBA6FFA330}.Release|Any CPU.ActiveCfg = Release|Any CPU
		{7FB142AD-673F-4D0A-9572-B3DBA6FFA330}.Release|Any CPU.Build.0 = Release|Any CPU
		{7FB142AD-673F-4D0A-9572-B3DBA6FFA330}.Release|x64.ActiveCfg = Release|Any CPU
		{7FB142AD-673F-4D0A-9572-B3DBA6FFA330}.Release|x64.Build.0 = Release|Any CPU
		{7FB142AD-673F-4D0A-9572-B3DBA6FFA330}.Release|x86.ActiveCfg = Release|Any CPU
		{7FB142AD-673F-4D0A-9572-B3DBA6FFA330}.Release|x86.Build.0 = Release|Any CPU
	EndGlobalSection
	GlobalSection(SolutionProperties) = preSolution
		HideSolutionNode = FALSE
	EndGlobalSection
	GlobalSection(NestedProjects) = preSolution
		{7D9F3862-EE2E-4D21-9D25-D376B6595AAE} = {629171F7-E4F5-9E85-A8AB-AF270CD6687B}
		{48A6B026-D118-4429-889D-C78936648CD1} = {629171F7-E4F5-9E85-A8AB-AF270CD6687B}
		{13571073-8BD0-415C-990B-1FE82F189AF4} = {629171F7-E4F5-9E85-A8AB-AF270CD6687B}
		{C4785E1A-D939-4B4F-8D7A-8B43DFBB332B} = {629171F7-E4F5-9E85-A8AB-AF270CD6687B}
		{A1398FC9-1841-4BAF-A862-C043638D89A5} = {629171F7-E4F5-9E85-A8AB-AF270CD6687B}
		{7FB142AD-673F-4D0A-9572-B3DBA6FFA330} = {629171F7-E4F5-9E85-A8AB-AF270CD6687B}
	EndGlobalSection
EndGlobal
